
Microsoft Visual Studio Solution File, Format Version 10.00
# Visual Studio 2008
Project("{FAE04EC0-301F-11D3-BF4B-00C04F79EFBC}") = "HandGeometry", "HandGeometry\HandGeometry.csproj", "{8EFEE35A-7E88-4CB0-9DA0-515BF7B098EA}"
EndProject
Project("{FAE04EC0-301F-11D3-BF4B-00C04F79EFBC}") = "MainGUI", "MainGUI\MainGUI.csproj", "{769C32C1-A827-43B5-BCEE-CB9DC6F1EC19}"
EndProject
Global
	GlobalSection(SolutionConfigurationPlatforms) = preSolution
		Debug|Any CPU = Debug|Any CPU
		Release|Any CPU = Release|Any CPU
	EndGlobalSection
	GlobalSection(ProjectConfigurationPlatforms) = postSolution
		{8EFEE35A-7E88-4CB0-9DA0-515BF7B098EA}.Debug|Any CPU.ActiveCfg = Debug|Any CPU
		{8EFEE35A-7E88-4CB0-9DA0-515BF7B098EA}.Debug|Any CPU.Build.0 = Debug|Any CPU
		{8EFEE35A-7E88-4CB0-9DA0-515BF7B098EA}.Release|Any CPU.ActiveCfg = Release|Any CPU
		{8EFEE35A-7E88-4CB0-9DA0-515BF7B098EA}.Release|Any CPU.Build.0 = Release|Any CPU
		{769C32C1-A827-43B5-BCEE-CB9DC6F1EC19}.Debug|Any CPU.ActiveCfg = Debug|Any CPU
		{769C32C1-A827-43B5-BCEE-CB9DC6F1EC19}.Debug|Any CPU.Build.0 = Debug|Any CPU
		{769C32C1-A827-43B5-BCEE-CB9DC6F1EC19}.Release|Any CPU.ActiveCfg = Release|Any CPU
		{769C32C1-A827-43B5-BCEE-CB9DC6F1EC19}.Release|Any CPU.Build.0 = Release|Any CPU
	EndGlobalSection
	GlobalSection(SolutionProperties) = preSolution
		HideSolutionNode = FALSE
	EndGlobalSection
EndGlobal
